
Microsoft Visual Studio Solution File, Format Version 12.00
# Visual Studio 14
VisualStudioVersion = 14.0.25420.1
MinimumVisualStudioVersion = 10.0.40219.1
Project("{FAE04EC0-301F-11D3-BF4B-00C04F79EFBC}") = "mook_BruteForceLogin", "mook_BruteForceLogin\mook_BruteForceLogin.csproj", "{13CB0992-5C7F-4184-A1BD-34FD68EDFCAD}"
EndProject
Project("{FAE04EC0-301F-11D3-BF4B-00C04F79EFBC}") = "mook_BruteForceLogin_oldGenericFix", "mook_BruteForceLogin_oldGenericFix\mook_BruteForceLogin_oldGenericFix.csproj", "{8774D1E7-F1DD-4766-8878-8658E20CFAD3}"
EndProject
Global
	GlobalSection(SolutionConfigurationPlatforms) = preSolution
		Debug|Any CPU = Debug|Any CPU
		Release|Any CPU = Release|Any CPU
	EndGlobalSection
	GlobalSection(ProjectConfigurationPlatforms) = postSolution
		{13CB0992-5C7F-4184-A1BD-34FD68EDFCAD}.Debug|Any CPU.ActiveCfg = Debug|Any CPU
		{13CB0992-5C7F-4184-A1BD-34FD68EDFCAD}.Debug|Any CPU.Build.0 = Debug|Any CPU
		{13CB0992-5C7F-4184-A1BD-34FD68EDFCAD}.Release|Any CPU.ActiveCfg = Release|Any CPU
		{13CB0992-5C7F-4184-A1BD-34FD68EDFCAD}.Release|Any CPU.Build.0 = Release|Any CPU
		{8774D1E7-F1DD-4766-8878-8658E20CFAD3}.Debug|Any CPU.ActiveCfg = Debug|Any CPU
		{8774D1E7-F1DD-4766-8878-8658E20CFAD3}.Debug|Any CPU.Build.0 = Debug|Any CPU
		{8774D1E7-F1DD-4766-8878-8658E20CFAD3}.Release|Any CPU.ActiveCfg = Release|Any CPU
		{8774D1E7-F1DD-4766-8878-8658E20CFAD3}.Release|Any CPU.Build.0 = Release|Any CPU
	EndGlobalSection
	GlobalSection(SolutionProperties) = preSolution
		HideSolutionNode = FALSE
	EndGlobalSection
EndGlobal
